// !$*UTF8*$!
{
	archiveVersion = 1;
	classes = {
	};
	objectVersion = 51;
	objects = {

/* Begin PBXBuildFile section */
		0D114FFA2687202C0031B13D /* String + Height.swift in Sources */ = {isa = PBXBuildFile; fileRef = 0D114FF92687202C0031B13D /* String + Height.swift */; };
		0D240F5A2684E49D0042CF89 /* NewsFeedPresenter.swift in Sources */ = {isa = PBXBuildFile; fileRef = 0D240F532684E49C0042CF89 /* NewsFeedPresenter.swift */; };
		0D240F5B2684E49D0042CF89 /* NewsFeedWorker.swift in Sources */ = {isa = PBXBuildFile; fileRef = 0D240F542684E49C0042CF89 /* NewsFeedWorker.swift */; };
		0D240F5C2684E49D0042CF89 /* NewsFeedRouter.swift in Sources */ = {isa = PBXBuildFile; fileRef = 0D240F552684E49C0042CF89 /* NewsFeedRouter.swift */; };
		0D240F5D2684E49D0042CF89 /* NewsFeedModels.swift in Sources */ = {isa = PBXBuildFile; fileRef = 0D240F562684E49C0042CF89 /* NewsFeedModels.swift */; };
		0D240F5E2684E49D0042CF89 /* NewsFeedViewController.swift in Sources */ = {isa = PBXBuildFile; fileRef = 0D240F572684E49C0042CF89 /* NewsFeedViewController.swift */; };
		0D240F5F2684E49D0042CF89 /* NewsFeedInteractor.swift in Sources */ = {isa = PBXBuildFile; fileRef = 0D240F582684E49C0042CF89 /* NewsFeedInteractor.swift */; };
		0D240F642684F1940042CF89 /* NewsFeedViewController.storyboard in Resources */ = {isa = PBXBuildFile; fileRef = 0D240F632684F1940042CF89 /* NewsFeedViewController.storyboard */; };
		0D240F672684FC560042CF89 /* NewsFeedCell.swift in Sources */ = {isa = PBXBuildFile; fileRef = 0D240F662684FC560042CF89 /* NewsFeedCell.swift */; };
		0D240F692684FCAE0042CF89 /* NewsFeedCell.xib in Resources */ = {isa = PBXBuildFile; fileRef = 0D240F682684FCAE0042CF89 /* NewsFeedCell.xib */; };
		0D240F6C2685CED90042CF89 /* WebImageView.swift in Sources */ = {isa = PBXBuildFile; fileRef = 0D240F6B2685CED90042CF89 /* WebImageView.swift */; };
		0D240F6E2685CF680042CF89 /* UIViewController + Storyboard.swift in Sources */ = {isa = PBXBuildFile; fileRef = 0D240F6D2685CF680042CF89 /* UIViewController + Storyboard.swift */; };
		0D240F702685F82A0042CF89 /* NewsfeedCellLayoutCalculator.swift in Sources */ = {isa = PBXBuildFile; fileRef = 0D240F6F2685F82A0042CF89 /* NewsfeedCellLayoutCalculator.swift */; };
		0DCD03D22691BFDD00FBCA52 /* ModelFriends.swift in Sources */ = {isa = PBXBuildFile; fileRef = 0DCD03D12691BFDD00FBCA52 /* ModelFriends.swift */; };
		0DD5D33E2683E3A600B08D71 /* FeedResponse.swift in Sources */ = {isa = PBXBuildFile; fileRef = 0DD5D33D2683E3A600B08D71 /* FeedResponse.swift */; };
		0DD5D3402683E4F700B08D71 /* NetworkDataFetcher.swift in Sources */ = {isa = PBXBuildFile; fileRef = 0DD5D33F2683E4F700B08D71 /* NetworkDataFetcher.swift */; };
		0DDDE8F026906AE0005A7B6E /* ProfileCollectionViewCell.swift in Sources */ = {isa = PBXBuildFile; fileRef = 0DDDE8EF26906AE0005A7B6E /* ProfileCollectionViewCell.swift */; };
		0DDDE8F32690B10F005A7B6E /* ProfileModel.swift in Sources */ = {isa = PBXBuildFile; fileRef = 0DDDE8F22690B10F005A7B6E /* ProfileModel.swift */; };
		0DF6BEBB2680099800848E28 /* AppDelegate.swift in Sources */ = {isa = PBXBuildFile; fileRef = 0DF6BEBA2680099800848E28 /* AppDelegate.swift */; };
		0DF6BEBF2680099800848E28 /* AuthViewController.swift in Sources */ = {isa = PBXBuildFile; fileRef = 0DF6BEBE2680099800848E28 /* AuthViewController.swift */; };
		0DF6BEC22680099800848E28 /* AuthViewController.storyboard in Resources */ = {isa = PBXBuildFile; fileRef = 0DF6BEC02680099800848E28 /* AuthViewController.storyboard */; };
		0DF6BEC42680099C00848E28 /* Assets.xcassets in Resources */ = {isa = PBXBuildFile; fileRef = 0DF6BEC32680099C00848E28 /* Assets.xcassets */; };
		0DF6BEC72680099C00848E28 /* LaunchScreen.storyboard in Resources */ = {isa = PBXBuildFile; fileRef = 0DF6BEC52680099C00848E28 /* LaunchScreen.storyboard */; };
		0DF6BECF26800E3F00848E28 /* AuthService.swift in Sources */ = {isa = PBXBuildFile; fileRef = 0DF6BECE26800E3F00848E28 /* AuthService.swift */; };
		0DF6BED826807A4200848E28 /* NetworkService.swift in Sources */ = {isa = PBXBuildFile; fileRef = 0DF6BED726807A4200848E28 /* NetworkService.swift */; };
		0DF6BEDA26807B2200848E28 /* Api.swift in Sources */ = {isa = PBXBuildFile; fileRef = 0DF6BED926807B2200848E28 /* Api.swift */; };
		0DF6BEE0268225D000848E28 /* ProfileViewController.swift in Sources */ = {isa = PBXBuildFile; fileRef = 0DF6BEDF268225D000848E28 /* ProfileViewController.swift */; };
		D8B1653DED61BABB57648FB3 /* Pods_vkForFlypika4.framework in Frameworks */ = {isa = PBXBuildFile; fileRef = 8D4996B3F3771FD9E10D43DE /* Pods_vkForFlypika4.framework */; };
/* End PBXBuildFile section */

/* Begin PBXFileReference section */
		0D114FF92687202C0031B13D /* String + Height.swift */ = {isa = PBXFileReference; lastKnownFileType = sourcecode.swift; path = "String + Height.swift"; sourceTree = "<group>"; };
		0D240F532684E49C0042CF89 /* NewsFeedPresenter.swift */ = {isa = PBXFileReference; lastKnownFileType = sourcecode.swift; path = NewsFeedPresenter.swift; sourceTree = "<group>"; };
		0D240F542684E49C0042CF89 /* NewsFeedWorker.swift */ = {isa = PBXFileReference; lastKnownFileType = sourcecode.swift; path = NewsFeedWorker.swift; sourceTree = "<group>"; };
		0D240F552684E49C0042CF89 /* NewsFeedRouter.swift */ = {isa = PBXFileReference; lastKnownFileType = sourcecode.swift; path = NewsFeedRouter.swift; sourceTree = "<group>"; };
		0D240F562684E49C0042CF89 /* NewsFeedModels.swift */ = {isa = PBXFileReference; lastKnownFileType = sourcecode.swift; path = NewsFeedModels.swift; sourceTree = "<group>"; };
		0D240F572684E49C0042CF89 /* NewsFeedViewController.swift */ = {isa = PBXFileReference; lastKnownFileType = sourcecode.swift; path = NewsFeedViewController.swift; sourceTree = "<group>"; };
		0D240F582684E49C0042CF89 /* NewsFeedInteractor.swift */ = {isa = PBXFileReference; lastKnownFileType = sourcecode.swift; path = NewsFeedInteractor.swift; sourceTree = "<group>"; };
		0D240F632684F1940042CF89 /* NewsFeedViewController.storyboard */ = {isa = PBXFileReference; lastKnownFileType = file.storyboard; path = NewsFeedViewController.storyboard; sourceTree = "<group>"; };
		0D240F662684FC560042CF89 /* NewsFeedCell.swift */ = {isa = PBXFileReference; lastKnownFileType = sourcecode.swift; path = NewsFeedCell.swift; sourceTree = "<group>"; };
		0D240F682684FCAE0042CF89 /* NewsFeedCell.xib */ = {isa = PBXFileReference; lastKnownFileType = file.xib; path = NewsFeedCell.xib; sourceTree = "<group>"; };
		0D240F6B2685CED90042CF89 /* WebImageView.swift */ = {isa = PBXFileReference; lastKnownFileType = sourcecode.swift; path = WebImageView.swift; sourceTree = "<group>"; };
		0D240F6D2685CF680042CF89 /* UIViewController + Storyboard.swift */ = {isa = PBXFileReference; lastKnownFileType = sourcecode.swift; path = "UIViewController + Storyboard.swift"; sourceTree = "<group>"; };
		0D240F6F2685F82A0042CF89 /* NewsfeedCellLayoutCalculator.swift */ = {isa = PBXFileReference; lastKnownFileType = sourcecode.swift; path = NewsfeedCellLayoutCalculator.swift; sourceTree = "<group>"; };
		0DCD03D12691BFDD00FBCA52 /* ModelFriends.swift */ = {isa = PBXFileReference; lastKnownFileType = sourcecode.swift; path = ModelFriends.swift; sourceTree = "<group>"; };
		0DD5D33D2683E3A600B08D71 /* FeedResponse.swift */ = {isa = PBXFileReference; lastKnownFileType = sourcecode.swift; path = FeedResponse.swift; sourceTree = "<group>"; };
		0DD5D33F2683E4F700B08D71 /* NetworkDataFetcher.swift */ = {isa = PBXFileReference; lastKnownFileType = sourcecode.swift; path = NetworkDataFetcher.swift; sourceTree = "<group>"; };
		0DDDE8EF26906AE0005A7B6E /* ProfileCollectionViewCell.swift */ = {isa = PBXFileReference; lastKnownFileType = sourcecode.swift; path = ProfileCollectionViewCell.swift; sourceTree = "<group>"; };
		0DDDE8F22690B10F005A7B6E /* ProfileModel.swift */ = {isa = PBXFileReference; lastKnownFileType = sourcecode.swift; path = ProfileModel.swift; sourceTree = "<group>"; };
		0DF6BEB72680099800848E28 /* vkForFlypika4.app */ = {isa = PBXFileReference; explicitFileType = wrapper.application; includeInIndex = 0; path = vkForFlypika4.app; sourceTree = BUILT_PRODUCTS_DIR; };
		0DF6BEBA2680099800848E28 /* AppDelegate.swift */ = {isa = PBXFileReference; lastKnownFileType = sourcecode.swift; path = AppDelegate.swift; sourceTree = "<group>"; };
		0DF6BEBE2680099800848E28 /* AuthViewController.swift */ = {isa = PBXFileReference; lastKnownFileType = sourcecode.swift; path = AuthViewController.swift; sourceTree = "<group>"; };
		0DF6BEC12680099800848E28 /* Base */ = {isa = PBXFileReference; lastKnownFileType = file.storyboard; name = Base; path = Base.lproj/AuthViewController.storyboard; sourceTree = "<group>"; };
		0DF6BEC32680099C00848E28 /* Assets.xcassets */ = {isa = PBXFileReference; lastKnownFileType = folder.assetcatalog; path = Assets.xcassets; sourceTree = "<group>"; };
		0DF6BEC62680099C00848E28 /* Base */ = {isa = PBXFileReference; lastKnownFileType = file.storyboard; name = Base; path = Base.lproj/LaunchScreen.storyboard; sourceTree = "<group>"; };
		0DF6BEC82680099C00848E28 /* Info.plist */ = {isa = PBXFileReference; lastKnownFileType = text.plist.xml; path = Info.plist; sourceTree = "<group>"; };
		0DF6BECE26800E3F00848E28 /* AuthService.swift */ = {isa = PBXFileReference; lastKnownFileType = sourcecode.swift; path = AuthService.swift; sourceTree = "<group>"; };
		0DF6BED726807A4200848E28 /* NetworkService.swift */ = {isa = PBXFileReference; lastKnownFileType = sourcecode.swift; path = NetworkService.swift; sourceTree = "<group>"; };
		0DF6BED926807B2200848E28 /* Api.swift */ = {isa = PBXFileReference; lastKnownFileType = sourcecode.swift; path = Api.swift; sourceTree = "<group>"; };
		0DF6BEDF268225D000848E28 /* ProfileViewController.swift */ = {isa = PBXFileReference; lastKnownFileType = sourcecode.swift; path = ProfileViewController.swift; sourceTree = "<group>"; };
		8D4996B3F3771FD9E10D43DE /* Pods_vkForFlypika4.framework */ = {isa = PBXFileReference; explicitFileType = wrapper.framework; includeInIndex = 0; path = Pods_vkForFlypika4.framework; sourceTree = BUILT_PRODUCTS_DIR; };
		C844B455E298B91C884B8361 /* Pods-vkForFlypika4.release.xcconfig */ = {isa = PBXFileReference; includeInIndex = 1; lastKnownFileType = text.xcconfig; name = "Pods-vkForFlypika4.release.xcconfig"; path = "Target Support Files/Pods-vkForFlypika4/Pods-vkForFlypika4.release.xcconfig"; sourceTree = "<group>"; };
		E3D9219F24D79F97DF4673BB /* Pods-vkForFlypika4.debug.xcconfig */ = {isa = PBXFileReference; includeInIndex = 1; lastKnownFileType = text.xcconfig; name = "Pods-vkForFlypika4.debug.xcconfig"; path = "Target Support Files/Pods-vkForFlypika4/Pods-vkForFlypika4.debug.xcconfig"; sourceTree = "<group>"; };
/* End PBXFileReference section */

/* Begin PBXFrameworksBuildPhase section */
		0DF6BEB42680099800848E28 /* Frameworks */ = {
			isa = PBXFrameworksBuildPhase;
			buildActionMask = 2147483647;
			files = (
				D8B1653DED61BABB57648FB3 /* Pods_vkForFlypika4.framework in Frameworks */,
			);
			runOnlyForDeploymentPostprocessing = 0;
		};
/* End PBXFrameworksBuildPhase section */

/* Begin PBXGroup section */
		0D240F652684FC430042CF89 /* cell */ = {
			isa = PBXGroup;
			children = (
				0D240F662684FC560042CF89 /* NewsFeedCell.swift */,
				0D240F682684FCAE0042CF89 /* NewsFeedCell.xib */,
				0D240F6F2685F82A0042CF89 /* NewsfeedCellLayoutCalculator.swift */,
			);
			path = cell;
			sourceTree = "<group>";
		};
		0D240F6A2685CEAC0042CF89 /* Helpers */ = {
			isa = PBXGroup;
			children = (
				0D240F6B2685CED90042CF89 /* WebImageView.swift */,
				0D240F6D2685CF680042CF89 /* UIViewController + Storyboard.swift */,
				0D114FF92687202C0031B13D /* String + Height.swift */,
			);
			path = Helpers;
			sourceTree = "<group>";
		};
		0DCD03D02691BF9800FBCA52 /* ModelFriends */ = {
			isa = PBXGroup;
			children = (
				0DCD03D12691BFDD00FBCA52 /* ModelFriends.swift */,
			);
			path = ModelFriends;
			sourceTree = "<group>";
		};
		0DD5D33C2683E39300B08D71 /* models */ = {
			isa = PBXGroup;
			children = (
				0DD5D33D2683E3A600B08D71 /* FeedResponse.swift */,
			);
			path = models;
			sourceTree = "<group>";
		};
		0DD5D3412684DE9B00B08D71 /* newsFeed */ = {
			isa = PBXGroup;
			children = (
				0DF6BED026800E4200848E28 /* service */,
				0D240F652684FC430042CF89 /* cell */,
				0D240F632684F1940042CF89 /* NewsFeedViewController.storyboard */,
				0D240F572684E49C0042CF89 /* NewsFeedViewController.swift */,
				0D240F582684E49C0042CF89 /* NewsFeedInteractor.swift */,
				0D240F532684E49C0042CF89 /* NewsFeedPresenter.swift */,
				0D240F562684E49C0042CF89 /* NewsFeedModels.swift */,
				0D240F542684E49C0042CF89 /* NewsFeedWorker.swift */,
				0D240F552684E49C0042CF89 /* NewsFeedRouter.swift */,
			);
			path = newsFeed;
			sourceTree = "<group>";
		};
		0DDDE8E8268F748A005A7B6E /* cell */ = {
			isa = PBXGroup;
			children = (
				0DDDE8EF26906AE0005A7B6E /* ProfileCollectionViewCell.swift */,
			);
			path = cell;
			sourceTree = "<group>";
		};
		0DDDE8F12690B08B005A7B6E /* Model */ = {
			isa = PBXGroup;
			children = (
				0DDDE8F22690B10F005A7B6E /* ProfileModel.swift */,
			);
			path = Model;
			sourceTree = "<group>";
		};
		0DF6BEAE2680099800848E28 = {
			isa = PBXGroup;
			children = (
				0DF6BEB92680099800848E28 /* vkForFlypika4 */,
				0DF6BEB82680099800848E28 /* Products */,
				BCD0401B1F0D405FB5847303 /* Pods */,
				362BB0F60A136968F7E8466A /* Frameworks */,
			);
			sourceTree = "<group>";
		};
		0DF6BEB82680099800848E28 /* Products */ = {
			isa = PBXGroup;
			children = (
				0DF6BEB72680099800848E28 /* vkForFlypika4.app */,
			);
			name = Products;
			sourceTree = "<group>";
		};
		0DF6BEB92680099800848E28 /* vkForFlypika4 */ = {
			isa = PBXGroup;
			children = (
				0DF6BEBA2680099800848E28 /* AppDelegate.swift */,
				0DF6BED126800FA100848E28 /* Enter */,
				0DF6BEDE268225AC00848E28 /* profile */,
				0DD5D3412684DE9B00B08D71 /* newsFeed */,
				0D240F6A2685CEAC0042CF89 /* Helpers */,
				0DF6BEC32680099C00848E28 /* Assets.xcassets */,
				0DF6BEC52680099C00848E28 /* LaunchScreen.storyboard */,
				0DF6BEC82680099C00848E28 /* Info.plist */,
			);
			path = vkForFlypika4;
			sourceTree = "<group>";
		};
		0DF6BED026800E4200848E28 /* service */ = {
			isa = PBXGroup;
			children = (
				0DD5D33C2683E39300B08D71 /* models */,
				0DF6BECE26800E3F00848E28 /* AuthService.swift */,
				0DF6BED726807A4200848E28 /* NetworkService.swift */,
				0DD5D33F2683E4F700B08D71 /* NetworkDataFetcher.swift */,
				0DF6BED926807B2200848E28 /* Api.swift */,
			);
			path = service;
			sourceTree = "<group>";
		};
		0DF6BED126800FA100848E28 /* Enter */ = {
			isa = PBXGroup;
			children = (
				0DF6BEBE2680099800848E28 /* AuthViewController.swift */,
				0DF6BEC02680099800848E28 /* AuthViewController.storyboard */,
			);
			path = Enter;
			sourceTree = "<group>";
		};
		0DF6BEDE268225AC00848E28 /* profile */ = {
			isa = PBXGroup;
			children = (
				0DCD03D02691BF9800FBCA52 /* ModelFriends */,
				0DDDE8F12690B08B005A7B6E /* Model */,
				0DDDE8E8268F748A005A7B6E /* cell */,
				0DF6BEDF268225D000848E28 /* ProfileViewController.swift */,
			);
			path = profile;
			sourceTree = "<group>";
		};
		362BB0F60A136968F7E8466A /* Frameworks */ = {
			isa = PBXGroup;
			children = (
				8D4996B3F3771FD9E10D43DE /* Pods_vkForFlypika4.framework */,
			);
			name = Frameworks;
			sourceTree = "<group>";
		};
		BCD0401B1F0D405FB5847303 /* Pods */ = {
			isa = PBXGroup;
			children = (
				E3D9219F24D79F97DF4673BB /* Pods-vkForFlypika4.debug.xcconfig */,
				C844B455E298B91C884B8361 /* Pods-vkForFlypika4.release.xcconfig */,
			);
			path = Pods;
			sourceTree = "<group>";
		};
/* End PBXGroup section */

/* Begin PBXNativeTarget section */
		0DF6BEB62680099800848E28 /* vkForFlypika4 */ = {
			isa = PBXNativeTarget;
			buildConfigurationList = 0DF6BECB2680099C00848E28 /* Build configuration list for PBXNativeTarget "vkForFlypika4" */;
			buildPhases = (
				73B3A7319E0E6A6B87932E46 /* [CP] Check Pods Manifest.lock */,
				0DF6BEB32680099800848E28 /* Sources */,
				0DF6BEB42680099800848E28 /* Frameworks */,
				0DF6BEB52680099800848E28 /* Resources */,
				BC5A881E275EB2F317445DCC /* [CP] Embed Pods Frameworks */,
			);
			buildRules = (
			);
			dependencies = (
			);
			name = vkForFlypika4;
			productName = vkForFlypika4;
			productReference = 0DF6BEB72680099800848E28 /* vkForFlypika4.app */;
			productType = "com.apple.product-type.application";
		};
/* End PBXNativeTarget section */

/* Begin PBXProject section */
		0DF6BEAF2680099800848E28 /* Project object */ = {
			isa = PBXProject;
			attributes = {
				LastSwiftUpdateCheck = 1250;
				LastUpgradeCheck = 1250;
				TargetAttributes = {
					0DF6BEB62680099800848E28 = {
						CreatedOnToolsVersion = 12.5;
					};
				};
			};
			buildConfigurationList = 0DF6BEB22680099800848E28 /* Build configuration list for PBXProject "vkForFlypika4" */;
			compatibilityVersion = "Xcode 9.3";
			developmentRegion = en;
			hasScannedForEncodings = 0;
			knownRegions = (
				en,
				Base,
			);
			mainGroup = 0DF6BEAE2680099800848E28;
			productRefGroup = 0DF6BEB82680099800848E28 /* Products */;
			projectDirPath = "";
			projectRoot = "";
			targets = (
				0DF6BEB62680099800848E28 /* vkForFlypika4 */,
			);
		};
/* End PBXProject section */

/* Begin PBXResourcesBuildPhase section */
		0DF6BEB52680099800848E28 /* Resources */ = {
			isa = PBXResourcesBuildPhase;
			buildActionMask = 2147483647;
			files = (
				0D240F642684F1940042CF89 /* NewsFeedViewController.storyboard in Resources */,
				0DF6BEC72680099C00848E28 /* LaunchScreen.storyboard in Resources */,
				0D240F692684FCAE0042CF89 /* NewsFeedCell.xib in Resources */,
				0DF6BEC42680099C00848E28 /* Assets.xcassets in Resources */,
				0DF6BEC22680099800848E28 /* AuthViewController.storyboard in Resources */,
			);
			runOnlyForDeploymentPostprocessing = 0;
		};
/* End PBXResourcesBuildPhase section */

/* Begin PBXShellScriptBuildPhase section */
		73B3A7319E0E6A6B87932E46 /* [CP] Check Pods Manifest.lock */ = {
			isa = PBXShellScriptBuildPhase;
			buildActionMask = 2147483647;
			files = (
			);
			inputFileListPaths = (
			);
			inputPaths = (
				"${PODS_PODFILE_DIR_PATH}/Podfile.lock",
				"${PODS_ROOT}/Manifest.lock",
			);
			name = "[CP] Check Pods Manifest.lock";
			outputFileListPaths = (
			);
			outputPaths = (
				"$(DERIVED_FILE_DIR)/Pods-vkForFlypika4-checkManifestLockResult.txt",
			);
			runOnlyForDeploymentPostprocessing = 0;
			shellPath = /bin/sh;
			shellScript = "diff \"${PODS_PODFILE_DIR_PATH}/Podfile.lock\" \"${PODS_ROOT}/Manifest.lock\" > /dev/null\nif [ $? != 0 ] ; then\n    # print error to STDERR\n    echo \"error: The sandbox is not in sync with the Podfile.lock. Run 'pod install' or update your CocoaPods installation.\" >&2\n    exit 1\nfi\n# This output is used by Xcode 'outputs' to avoid re-running this script phase.\necho \"SUCCESS\" > \"${SCRIPT_OUTPUT_FILE_0}\"\n";
			showEnvVarsInLog = 0;
		};
		BC5A881E275EB2F317445DCC /* [CP] Embed Pods Frameworks */ = {
			isa = PBXShellScriptBuildPhase;
			buildActionMask = 2147483647;
			files = (
			);
			inputFileListPaths = (
				"${PODS_ROOT}/Target Support Files/Pods-vkForFlypika4/Pods-vkForFlypika4-frameworks-${CONFIGURATION}-input-files.xcfilelist",
			);
			name = "[CP] Embed Pods Frameworks";
			outputFileListPaths = (
				"${PODS_ROOT}/Target Support Files/Pods-vkForFlypika4/Pods-vkForFlypika4-frameworks-${CONFIGURATION}-output-files.xcfilelist",
			);
			runOnlyForDeploymentPostprocessing = 0;
			shellPath = /bin/sh;
			shellScript = "\"${PODS_ROOT}/Target Support Files/Pods-vkForFlypika4/Pods-vkForFlypika4-frameworks.sh\"\n";
			showEnvVarsInLog = 0;
		};
/* End PBXShellScriptBuildPhase section */

/* Begin PBXSourcesBuildPhase section */
		0DF6BEB32680099800848E28 /* Sources */ = {
			isa = PBXSourcesBuildPhase;
			buildActionMask = 2147483647;
			files = (
				0DD5D33E2683E3A600B08D71 /* FeedResponse.swift in Sources */,
				0D240F6C2685CED90042CF89 /* WebImageView.swift in Sources */,
				0D240F5A2684E49D0042CF89 /* NewsFeedPresenter.swift in Sources */,
				0D114FFA2687202C0031B13D /* String + Height.swift in Sources */,
				0DF6BEDA26807B2200848E28 /* Api.swift in Sources */,
				0DF6BED826807A4200848E28 /* NetworkService.swift in Sources */,
				0D240F5F2684E49D0042CF89 /* NewsFeedInteractor.swift in Sources */,
				0DF6BECF26800E3F00848E28 /* AuthService.swift in Sources */,
				0D240F6E2685CF680042CF89 /* UIViewController + Storyboard.swift in Sources */,
				0DCD03D22691BFDD00FBCA52 /* ModelFriends.swift in Sources */,
				0DF6BEBF2680099800848E28 /* AuthViewController.swift in Sources */,
				0D240F702685F82A0042CF89 /* NewsfeedCellLayoutCalculator.swift in Sources */,
				0DD5D3402683E4F700B08D71 /* NetworkDataFetcher.swift in Sources */,
				0D240F5B2684E49D0042CF89 /* NewsFeedWorker.swift in Sources */,
				0D240F5C2684E49D0042CF89 /* NewsFeedRouter.swift in Sources */,
				0DDDE8F026906AE0005A7B6E /* ProfileCollectionViewCell.swift in Sources */,
				0DDDE8F32690B10F005A7B6E /* ProfileModel.swift in Sources */,
				0DF6BEE0268225D000848E28 /* ProfileViewController.swift in Sources */,
				0DF6BEBB2680099800848E28 /* AppDelegate.swift in Sources */,
				0D240F5D2684E49D0042CF89 /* NewsFeedModels.swift in Sources */,
				0D240F672684FC560042CF89 /* NewsFeedCell.swift in Sources */,
				0D240F5E2684E49D0042CF89 /* NewsFeedViewController.swift in Sources */,
			);
			runOnlyForDeploymentPostprocessing = 0;
		};
/* End PBXSourcesBuildPhase section */

/* Begin PBXVariantGroup section */
		0DF6BEC02680099800848E28 /* AuthViewController.storyboard */ = {
			isa = PBXVariantGroup;
			children = (
				0DF6BEC12680099800848E28 /* Base */,
			);
			name = AuthViewController.storyboard;
			sourceTree = "<group>";
		};
		0DF6BEC52680099C00848E28 /* LaunchScreen.storyboard */ = {
			isa = PBXVariantGroup;
			children = (
				0DF6BEC62680099C00848E28 /* Base */,
			);
			name = LaunchScreen.storyboard;
			sourceTree = "<group>";
		};
/* End PBXVariantGroup section */

/* Begin XCBuildConfiguration section */
		0DF6BEC92680099C00848E28 /* Debug */ = {
			isa = XCBuildConfiguration;
			buildSettings = {
				ALWAYS_SEARCH_USER_PATHS = NO;
				CLANG_ANALYZER_NONNULL = YES;
				CLANG_ANALYZER_NUMBER_OBJECT_CONVERSION = YES_AGGRESSIVE;
				CLANG_CXX_LANGUAGE_STANDARD = "gnu++14";
				CLANG_CXX_LIBRARY = "libc++";
				CLANG_ENABLE_MODULES = YES;
				CLANG_ENABLE_OBJC_ARC = YES;
				CLANG_ENABLE_OBJC_WEAK = YES;
				CLANG_WARN_BLOCK_CAPTURE_AUTORELEASING = YES;
				CLANG_WARN_BOOL_CONVERSION = YES;
				CLANG_WARN_COMMA = YES;
				CLANG_WARN_CONSTANT_CONVERSION = YES;
				CLANG_WARN_DEPRECATED_OBJC_IMPLEMENTATIONS = YES;
				CLANG_WARN_DIRECT_OBJC_ISA_USAGE = YES_ERROR;
				CLANG_WARN_DOCUMENTATION_COMMENTS = YES;
				CLANG_WARN_EMPTY_BODY = YES;
				CLANG_WARN_ENUM_CONVERSION = YES;
				CLANG_WARN_INFINITE_RECURSION = YES;
				CLANG_WARN_INT_CONVERSION = YES;
				CLANG_WARN_NON_LITERAL_NULL_CONVERSION = YES;
				CLANG_WARN_OBJC_IMPLICIT_RETAIN_SELF = YES;
				CLANG_WARN_OBJC_LITERAL_CONVERSION = YES;
				CLANG_WARN_OBJC_ROOT_CLASS = YES_ERROR;
				CLANG_WARN_QUOTED_INCLUDE_IN_FRAMEWORK_HEADER = YES;
				CLANG_WARN_RANGE_LOOP_ANALYSIS = YES;
				CLANG_WARN_STRICT_PROTOTYPES = YES;
				CLANG_WARN_SUSPICIOUS_MOVE = YES;
				CLANG_WARN_UNGUARDED_AVAILABILITY = YES_AGGRESSIVE;
				CLANG_WARN_UNREACHABLE_CODE = YES;
				CLANG_WARN__DUPLICATE_METHOD_MATCH = YES;
				COPY_PHASE_STRIP = NO;
				DEBUG_INFORMATION_FORMAT = dwarf;
				ENABLE_STRICT_OBJC_MSGSEND = YES;
				ENABLE_TESTABILITY = YES;
				GCC_C_LANGUAGE_STANDARD = gnu11;
				GCC_DYNAMIC_NO_PIC = NO;
				GCC_NO_COMMON_BLOCKS = YES;
				GCC_OPTIMIZATION_LEVEL = 0;
				GCC_PREPROCESSOR_DEFINITIONS = (
					"DEBUG=1",
					"$(inherited)",
				);
				GCC_WARN_64_TO_32_BIT_CONVERSION = YES;
				GCC_WARN_ABOUT_RETURN_TYPE = YES_ERROR;
				GCC_WARN_UNDECLARED_SELECTOR = YES;
				GCC_WARN_UNINITIALIZED_AUTOS = YES_AGGRESSIVE;
				GCC_WARN_UNUSED_FUNCTION = YES;
				GCC_WARN_UNUSED_VARIABLE = YES;
				IPHONEOS_DEPLOYMENT_TARGET = 10.0;
				MTL_ENABLE_DEBUG_INFO = INCLUDE_SOURCE;
				MTL_FAST_MATH = YES;
				ONLY_ACTIVE_ARCH = YES;
				SDKROOT = iphoneos;
				SWIFT_ACTIVE_COMPILATION_CONDITIONS = DEBUG;
				SWIFT_OPTIMIZATION_LEVEL = "-Onone";
			};
			name = Debug;
		};
		0DF6BECA2680099C00848E28 /* Release */ = {
			isa = XCBuildConfiguration;
			buildSettings = {
				ALWAYS_SEARCH_USER_PATHS = NO;
				CLANG_ANALYZER_NONNULL = YES;
				CLANG_ANALYZER_NUMBER_OBJECT_CONVERSION = YES_AGGRESSIVE;
				CLANG_CXX_LANGUAGE_STANDARD = "gnu++14";
				CLANG_CXX_LIBRARY = "libc++";
				CLANG_ENABLE_MODULES = YES;
				CLANG_ENABLE_OBJC_ARC = YES;
				CLANG_ENABLE_OBJC_WEAK = YES;
				CLANG_WARN_BLOCK_CAPTURE_AUTORELEASING = YES;
				CLANG_WARN_BOOL_CONVERSION = YES;
				CLANG_WARN_COMMA = YES;
				CLANG_WARN_CONSTANT_CONVERSION = YES;
				CLANG_WARN_DEPRECATED_OBJC_IMPLEMENTATIONS = YES;
				CLANG_WARN_DIRECT_OBJC_ISA_USAGE = YES_ERROR;
				CLANG_WARN_DOCUMENTATION_COMMENTS = YES;
				CLANG_WARN_EMPTY_BODY = YES;
				CLANG_WARN_ENUM_CONVERSION = YES;
				CLANG_WARN_INFINITE_RECURSION = YES;
				CLANG_WARN_INT_CONVERSION = YES;
				CLANG_WARN_NON_LITERAL_NULL_CONVERSION = YES;
				CLANG_WARN_OBJC_IMPLICIT_RETAIN_SELF = YES;
				CLANG_WARN_OBJC_LITERAL_CONVERSION = YES;
				CLANG_WARN_OBJC_ROOT_CLASS = YES_ERROR;
				CLANG_WARN_QUOTED_INCLUDE_IN_FRAMEWORK_HEADER = YES;
				CLANG_WARN_RANGE_LOOP_ANALYSIS = YES;
				CLANG_WARN_STRICT_PROTOTYPES = YES;
				CLANG_WARN_SUSPICIOUS_MOVE = YES;
				CLANG_WARN_UNGUARDED_AVAILABILITY = YES_AGGRESSIVE;
				CLANG_WARN_UNREACHABLE_CODE = YES;
				CLANG_WARN__DUPLICATE_METHOD_MATCH = YES;
				COPY_PHASE_STRIP = NO;
				DEBUG_INFORMATION_FORMAT = "dwarf-with-dsym";
				ENABLE_NS_ASSERTIONS = NO;
				ENABLE_STRICT_OBJC_MSGSEND = YES;
				GCC_C_LANGUAGE_STANDARD = gnu11;
				GCC_NO_COMMON_BLOCKS = YES;
				GCC_WARN_64_TO_32_BIT_CONVERSION = YES;
				GCC_WARN_ABOUT_RETURN_TYPE = YES_ERROR;
				GCC_WARN_UNDECLARED_SELECTOR = YES;
				GCC_WARN_UNINITIALIZED_AUTOS = YES_AGGRESSIVE;
				GCC_WARN_UNUSED_FUNCTION = YES;
				GCC_WARN_UNUSED_VARIABLE = YES;
				IPHONEOS_DEPLOYMENT_TARGET = 10.0;
				MTL_ENABLE_DEBUG_INFO = NO;
				MTL_FAST_MATH = YES;
				SDKROOT = iphoneos;
				SWIFT_COMPILATION_MODE = wholemodule;
				SWIFT_OPTIMIZATION_LEVEL = "-O";
				VALIDATE_PRODUCT = YES;
			};
			name = Release;
		};
		0DF6BECC2680099C00848E28 /* Debug */ = {
			isa = XCBuildConfiguration;
			baseConfigurationReference = E3D9219F24D79F97DF4673BB /* Pods-vkForFlypika4.debug.xcconfig */;
			buildSettings = {
				ASSETCATALOG_COMPILER_APPICON_NAME = AppIcon;
				ASSETCATALOG_COMPILER_GLOBAL_ACCENT_COLOR_NAME = AccentColor;
				CODE_SIGN_STYLE = Automatic;
				DEVELOPMENT_TEAM = H7VPJVDJQP;
				INFOPLIST_FILE = vkForFlypika4/Info.plist;
				LD_RUNPATH_SEARCH_PATHS = (
					"$(inherited)",
					"@executable_path/Frameworks",
				);
				PRODUCT_BUNDLE_IDENTIFIER = Haydar.vkForFlypika4;
				PRODUCT_NAME = "$(TARGET_NAME)";
				SWIFT_VERSION = 5.0;
				TARGETED_DEVICE_FAMILY = 1;
			};
			name = Debug;
		};
		0DF6BECD2680099C00848E28 /* Release */ = {
			isa = XCBuildConfiguration;
			baseConfigurationReference = C844B455E298B91C884B8361 /* Pods-vkForFlypika4.release.xcconfig */;
			buildSettings = {
				ASSETCATALOG_COMPILER_APPICON_NAME = AppIcon;
				ASSETCATALOG_COMPILER_GLOBAL_ACCENT_COLOR_NAME = AccentColor;
				CODE_SIGN_STYLE = Automatic;
				DEVELOPMENT_TEAM = H7VPJVDJQP;
				INFOPLIST_FILE = vkForFlypika4/Info.plist;
				LD_RUNPATH_SEARCH_PATHS = (
					"$(inherited)",
					"@executable_path/Frameworks",
				);
				PRODUCT_BUNDLE_IDENTIFIER = Haydar.vkForFlypika4;
				PRODUCT_NAME = "$(TARGET_NAME)";
				SWIFT_VERSION = 5.0;
				TARGETED_DEVICE_FAMILY = 1;
			};
			name = Release;
		};
/* End XCBuildConfiguration section */

/* Begin XCConfigurationList section */
		0DF6BEB22680099800848E28 /* Build configuration list for PBXProject "vkForFlypika4" */ = {
			isa = XCConfigurationList;
			buildConfigurations = (
				0DF6BEC92680099C00848E28 /* Debug */,
				0DF6BECA2680099C00848E28 /* Release */,
			);
			defaultConfigurationIsVisible = 0;
			defaultConfigurationName = Release;
		};
		0DF6BECB2680099C00848E28 /* Build configuration list for PBXNativeTarget "vkForFlypika4" */ = {
			isa = XCConfigurationList;
			buildConfigurations = (
				0DF6BECC2680099C00848E28 /* Debug */,
				0DF6BECD2680099C00848E28 /* Release */,
			);
			defaultConfigurationIsVisible = 0;
			defaultConfigurationName = Release;
		};
/* End XCConfigurationList section */
	};
	rootObject = 0DF6BEAF2680099800848E28 /* Project object */;
}
